// !$*UTF8*$!
{
	archiveVersion = 1;
	classes = {
	};
	objectVersion = 56;
	objects = {

/* Begin PBXBuildFile section */
		1C7382C629C82B710091D080 /* AppDelegate.swift in Sources */ = {isa = PBXBuildFile; fileRef = 1C7382C529C82B710091D080 /* AppDelegate.swift */; };
		1C7382CF29C82B720091D080 /* Assets.xcassets in Resources */ = {isa = PBXBuildFile; fileRef = 1C7382CE29C82B720091D080 /* Assets.xcassets */; };
		1C7382DD29C82B720091D080 /* PingOneWalletSampleTests.swift in Sources */ = {isa = PBXBuildFile; fileRef = 1C7382DC29C82B720091D080 /* PingOneWalletSampleTests.swift */; };
		1C7382E729C82B730091D080 /* PingOneWalletSampleUITests.swift in Sources */ = {isa = PBXBuildFile; fileRef = 1C7382E629C82B730091D080 /* PingOneWalletSampleUITests.swift */; };
		1C7382E929C82B730091D080 /* PingOneWalletSampleUITestsLaunchTests.swift in Sources */ = {isa = PBXBuildFile; fileRef = 1C7382E829C82B730091D080 /* PingOneWalletSampleUITestsLaunchTests.swift */; };
		1C73831B29C82BEB0091D080 /* PingOneWalletHelper.swift in Sources */ = {isa = PBXBuildFile; fileRef = 1C7382F629C82BEB0091D080 /* PingOneWalletHelper.swift */; };
		1C73831C29C82BEB0091D080 /* Assets.xcassets in Resources */ = {isa = PBXBuildFile; fileRef = 1C7382F729C82BEB0091D080 /* Assets.xcassets */; };
		1C73831D29C82BEB0091D080 /* UIImage+FromSVG.swift in Sources */ = {isa = PBXBuildFile; fileRef = 1C7382F929C82BEB0091D080 /* UIImage+FromSVG.swift */; };
		1C73831E29C82BEB0091D080 /* UIColor+Hex.swift in Sources */ = {isa = PBXBuildFile; fileRef = 1C7382FA29C82BEB0091D080 /* UIColor+Hex.swift */; };
		1C73831F29C82BEB0091D080 /* DateUtils.swift in Sources */ = {isa = PBXBuildFile; fileRef = 1C7382FB29C82BEB0091D080 /* DateUtils.swift */; };
		1C73832029C82BEB0091D080 /* NotificationUtils.swift in Sources */ = {isa = PBXBuildFile; fileRef = 1C7382FC29C82BEB0091D080 /* NotificationUtils.swift */; };
		1C73832129C82BEB0091D080 /* UIImage+Orientation.swift in Sources */ = {isa = PBXBuildFile; fileRef = 1C7382FD29C82BEB0091D080 /* UIImage+Orientation.swift */; };
		1C73832229C82BEB0091D080 /* EventObserverUtils.swift in Sources */ = {isa = PBXBuildFile; fileRef = 1C7382FE29C82BEB0091D080 /* EventObserverUtils.swift */; };
		1C73832329C82BEB0091D080 /* Date+String.swift in Sources */ = {isa = PBXBuildFile; fileRef = 1C7382FF29C82BEB0091D080 /* Date+String.swift */; };
		1C73832429C82BEB0091D080 /* UIImage+Thumbnail.swift in Sources */ = {isa = PBXBuildFile; fileRef = 1C73830029C82BEB0091D080 /* UIImage+Thumbnail.swift */; };
		1C73832529C82BEB0091D080 /* PickerItem.swift in Sources */ = {isa = PBXBuildFile; fileRef = 1C73830329C82BEB0091D080 /* PickerItem.swift */; };
		1C73832629C82BEB0091D080 /* ItemPickerViewController.swift in Sources */ = {isa = PBXBuildFile; fileRef = 1C73830429C82BEB0091D080 /* ItemPickerViewController.swift */; };
		1C73832729C82BEB0091D080 /* PickerListener.swift in Sources */ = {isa = PBXBuildFile; fileRef = 1C73830529C82BEB0091D080 /* PickerListener.swift */; };
		1C73832829C82BEB0091D080 /* CredentialDetailsViewController.swift in Sources */ = {isa = PBXBuildFile; fileRef = 1C73830629C82BEB0091D080 /* CredentialDetailsViewController.swift */; };
		1C73832929C82BEB0091D080 /* HomeViewController.swift in Sources */ = {isa = PBXBuildFile; fileRef = 1C73830729C82BEB0091D080 /* HomeViewController.swift */; };
		1C73832A29C82BEB0091D080 /* QRScannerViewController.swift in Sources */ = {isa = PBXBuildFile; fileRef = 1C73830829C82BEB0091D080 /* QRScannerViewController.swift */; };
		1C73832B29C82BEB0091D080 /* CreateProfileViewController.swift in Sources */ = {isa = PBXBuildFile; fileRef = 1C73830929C82BEB0091D080 /* CreateProfileViewController.swift */; };
		1C73832C29C82BEB0091D080 /* ItemPickerTableViewCell.swift in Sources */ = {isa = PBXBuildFile; fileRef = 1C73830B29C82BEB0091D080 /* ItemPickerTableViewCell.swift */; };
		1C73832D29C82BEB0091D080 /* CredentialListItem.swift in Sources */ = {isa = PBXBuildFile; fileRef = 1C73830C29C82BEB0091D080 /* CredentialListItem.swift */; };
		1C73832E29C82BEB0091D080 /* Profile.swift in Sources */ = {isa = PBXBuildFile; fileRef = 1C73830D29C82BEB0091D080 /* Profile.swift */; };
		1C73832F29C82BEB0091D080 /* CredentialListItem.xib in Resources */ = {isa = PBXBuildFile; fileRef = 1C73830F29C82BEB0091D080 /* CredentialListItem.xib */; };
		1C73833029C82BEB0091D080 /* ItemPickerTableViewCell.xib in Resources */ = {isa = PBXBuildFile; fileRef = 1C73831029C82BEB0091D080 /* ItemPickerTableViewCell.xib */; };
		1C73833129C82BEB0091D080 /* LaunchScreen.storyboard in Resources */ = {isa = PBXBuildFile; fileRef = 1C73831129C82BEB0091D080 /* LaunchScreen.storyboard */; };
		1C73833229C82BEB0091D080 /* Main.storyboard in Resources */ = {isa = PBXBuildFile; fileRef = 1C73831329C82BEB0091D080 /* Main.storyboard */; };
		1C73833329C82BEB0091D080 /* StorageManager.swift in Sources */ = {isa = PBXBuildFile; fileRef = 1C73831729C82BEB0091D080 /* StorageManager.swift */; };
		1C73833429C82BEB0091D080 /* EncryptedFilesHelper.swift in Sources */ = {isa = PBXBuildFile; fileRef = 1C73831829C82BEB0091D080 /* EncryptedFilesHelper.swift */; };
		1C73833529C82BEB0091D080 /* DataRepositoryProtocol.swift in Sources */ = {isa = PBXBuildFile; fileRef = 1C73831929C82BEB0091D080 /* DataRepositoryProtocol.swift */; };
		1C73833629C82BEB0091D080 /* DataRepository.swift in Sources */ = {isa = PBXBuildFile; fileRef = 1C73831A29C82BEB0091D080 /* DataRepository.swift */; };
		1C73834029C82CFD0091D080 /* CryptoTools.xcframework in Frameworks */ = {isa = PBXBuildFile; fileRef = 1C73833829C82CFB0091D080 /* CryptoTools.xcframework */; };
		1C73834129C82CFD0091D080 /* CryptoTools.xcframework in Embed Frameworks */ = {isa = PBXBuildFile; fileRef = 1C73833829C82CFB0091D080 /* CryptoTools.xcframework */; settings = {ATTRIBUTES = (CodeSignOnCopy, RemoveHeadersOnCopy, ); }; };
		1C73834229C82CFD0091D080 /* CommunicationManager.xcframework in Frameworks */ = {isa = PBXBuildFile; fileRef = 1C73833929C82CFB0091D080 /* CommunicationManager.xcframework */; };
		1C73834329C82CFD0091D080 /* CommunicationManager.xcframework in Embed Frameworks */ = {isa = PBXBuildFile; fileRef = 1C73833929C82CFB0091D080 /* CommunicationManager.xcframework */; settings = {ATTRIBUTES = (CodeSignOnCopy, RemoveHeadersOnCopy, ); }; };
		1C73834429C82CFD0091D080 /* secp256k1Wrapper.xcframework in Frameworks */ = {isa = PBXBuildFile; fileRef = 1C73833A29C82CFC0091D080 /* secp256k1Wrapper.xcframework */; };
		1C73834529C82CFD0091D080 /* secp256k1Wrapper.xcframework in Embed Frameworks */ = {isa = PBXBuildFile; fileRef = 1C73833A29C82CFC0091D080 /* secp256k1Wrapper.xcframework */; settings = {ATTRIBUTES = (CodeSignOnCopy, RemoveHeadersOnCopy, ); }; };
		1C73834629C82CFD0091D080 /* JoseTools.xcframework in Frameworks */ = {isa = PBXBuildFile; fileRef = 1C73833B29C82CFC0091D080 /* JoseTools.xcframework */; };
		1C73834729C82CFD0091D080 /* JoseTools.xcframework in Embed Frameworks */ = {isa = PBXBuildFile; fileRef = 1C73833B29C82CFC0091D080 /* JoseTools.xcframework */; settings = {ATTRIBUTES = (CodeSignOnCopy, RemoveHeadersOnCopy, ); }; };
		1C73834829C82CFD0091D080 /* PingOneWallet.xcframework in Frameworks */ = {isa = PBXBuildFile; fileRef = 1C73833C29C82CFC0091D080 /* PingOneWallet.xcframework */; };
		1C73834929C82CFD0091D080 /* PingOneWallet.xcframework in Embed Frameworks */ = {isa = PBXBuildFile; fileRef = 1C73833C29C82CFC0091D080 /* PingOneWallet.xcframework */; settings = {ATTRIBUTES = (CodeSignOnCopy, RemoveHeadersOnCopy, ); }; };
		1C73834A29C82CFD0091D080 /* JOSESwift.xcframework in Frameworks */ = {isa = PBXBuildFile; fileRef = 1C73833D29C82CFC0091D080 /* JOSESwift.xcframework */; };
		1C73834B29C82CFD0091D080 /* JOSESwift.xcframework in Embed Frameworks */ = {isa = PBXBuildFile; fileRef = 1C73833D29C82CFC0091D080 /* JOSESwift.xcframework */; settings = {ATTRIBUTES = (CodeSignOnCopy, RemoveHeadersOnCopy, ); }; };
		1C73834C29C82CFD0091D080 /* DIDSDK.xcframework in Frameworks */ = {isa = PBXBuildFile; fileRef = 1C73833E29C82CFC0091D080 /* DIDSDK.xcframework */; };
		1C73834D29C82CFD0091D080 /* DIDSDK.xcframework in Embed Frameworks */ = {isa = PBXBuildFile; fileRef = 1C73833E29C82CFC0091D080 /* DIDSDK.xcframework */; settings = {ATTRIBUTES = (CodeSignOnCopy, RemoveHeadersOnCopy, ); }; };
		1C73834E29C82CFD0091D080 /* libsecp256k1.xcframework in Frameworks */ = {isa = PBXBuildFile; fileRef = 1C73833F29C82CFC0091D080 /* libsecp256k1.xcframework */; };
		1C73834F29C82CFE0091D080 /* libsecp256k1.xcframework in Embed Frameworks */ = {isa = PBXBuildFile; fileRef = 1C73833F29C82CFC0091D080 /* libsecp256k1.xcframework */; settings = {ATTRIBUTES = (CodeSignOnCopy, RemoveHeadersOnCopy, ); }; };
		1CB650B729C82E01008F25F7 /* SVGKit in Frameworks */ = {isa = PBXBuildFile; productRef = 1CB650B629C82E01008F25F7 /* SVGKit */; };
/* End PBXBuildFile section */

/* Begin PBXContainerItemProxy section */
		1C7382D929C82B720091D080 /* PBXContainerItemProxy */ = {
			isa = PBXContainerItemProxy;
			containerPortal = 1C7382BA29C82B710091D080 /* Project object */;
			proxyType = 1;
			remoteGlobalIDString = 1C7382C129C82B710091D080;
			remoteInfo = PingOneWalletSample;
		};
		1C7382E329C82B730091D080 /* PBXContainerItemProxy */ = {
			isa = PBXContainerItemProxy;
			containerPortal = 1C7382BA29C82B710091D080 /* Project object */;
			proxyType = 1;
			remoteGlobalIDString = 1C7382C129C82B710091D080;
			remoteInfo = PingOneWalletSample;
		};
/* End PBXContainerItemProxy section */

/* Begin PBXCopyFilesBuildPhase section */
		1C73835029C82CFE0091D080 /* Embed Frameworks */ = {
			isa = PBXCopyFilesBuildPhase;
			buildActionMask = 2147483647;
			dstPath = "";
			dstSubfolderSpec = 10;
			files = (
				1C73834329C82CFD0091D080 /* CommunicationManager.xcframework in Embed Frameworks */,
				1C73834929C82CFD0091D080 /* PingOneWallet.xcframework in Embed Frameworks */,
				1C73834F29C82CFE0091D080 /* libsecp256k1.xcframework in Embed Frameworks */,
				1C73834129C82CFD0091D080 /* CryptoTools.xcframework in Embed Frameworks */,
				1C73834D29C82CFD0091D080 /* DIDSDK.xcframework in Embed Frameworks */,
				1C73834729C82CFD0091D080 /* JoseTools.xcframework in Embed Frameworks */,
				1C73834B29C82CFD0091D080 /* JOSESwift.xcframework in Embed Frameworks */,
				1C73834529C82CFD0091D080 /* secp256k1Wrapper.xcframework in Embed Frameworks */,
			);
			name = "Embed Frameworks";
			runOnlyForDeploymentPostprocessing = 0;
		};
/* End PBXCopyFilesBuildPhase section */

/* Begin PBXFileReference section */
		1C7382C229C82B710091D080 /* PingOneWalletSample.app */ = {isa = PBXFileReference; explicitFileType = wrapper.application; includeInIndex = 0; path = PingOneWalletSample.app; sourceTree = BUILT_PRODUCTS_DIR; };
		1C7382C529C82B710091D080 /* AppDelegate.swift */ = {isa = PBXFileReference; lastKnownFileType = sourcecode.swift; path = AppDelegate.swift; sourceTree = "<group>"; };
		1C7382CE29C82B720091D080 /* Assets.xcassets */ = {isa = PBXFileReference; lastKnownFileType = folder.assetcatalog; path = Assets.xcassets; sourceTree = "<group>"; };
		1C7382D329C82B720091D080 /* Info.plist */ = {isa = PBXFileReference; lastKnownFileType = text.plist.xml; path = Info.plist; sourceTree = "<group>"; };
		1C7382D829C82B720091D080 /* PingOneWalletSampleTests.xctest */ = {isa = PBXFileReference; explicitFileType = wrapper.cfbundle; includeInIndex = 0; path = PingOneWalletSampleTests.xctest; sourceTree = BUILT_PRODUCTS_DIR; };
		1C7382DC29C82B720091D080 /* PingOneWalletSampleTests.swift */ = {isa = PBXFileReference; lastKnownFileType = sourcecode.swift; path = PingOneWalletSampleTests.swift; sourceTree = "<group>"; };
		1C7382E229C82B730091D080 /* PingOneWalletSampleUITests.xctest */ = {isa = PBXFileReference; explicitFileType = wrapper.cfbundle; includeInIndex = 0; path = PingOneWalletSampleUITests.xctest; sourceTree = BUILT_PRODUCTS_DIR; };
		1C7382E629C82B730091D080 /* PingOneWalletSampleUITests.swift */ = {isa = PBXFileReference; lastKnownFileType = sourcecode.swift; path = PingOneWalletSampleUITests.swift; sourceTree = "<group>"; };
		1C7382E829C82B730091D080 /* PingOneWalletSampleUITestsLaunchTests.swift */ = {isa = PBXFileReference; lastKnownFileType = sourcecode.swift; path = PingOneWalletSampleUITestsLaunchTests.swift; sourceTree = "<group>"; };
		1C7382F629C82BEB0091D080 /* PingOneWalletHelper.swift */ = {isa = PBXFileReference; fileEncoding = 4; lastKnownFileType = sourcecode.swift; path = PingOneWalletHelper.swift; sourceTree = "<group>"; };
		1C7382F729C82BEB0091D080 /* Assets.xcassets */ = {isa = PBXFileReference; lastKnownFileType = folder.assetcatalog; path = Assets.xcassets; sourceTree = "<group>"; };
		1C7382F929C82BEB0091D080 /* UIImage+FromSVG.swift */ = {isa = PBXFileReference; fileEncoding = 4; lastKnownFileType = sourcecode.swift; path = "UIImage+FromSVG.swift"; sourceTree = "<group>"; };
		1C7382FA29C82BEB0091D080 /* UIColor+Hex.swift */ = {isa = PBXFileReference; fileEncoding = 4; lastKnownFileType = sourcecode.swift; path = "UIColor+Hex.swift"; sourceTree = "<group>"; };
		1C7382FB29C82BEB0091D080 /* DateUtils.swift */ = {isa = PBXFileReference; fileEncoding = 4; lastKnownFileType = sourcecode.swift; path = DateUtils.swift; sourceTree = "<group>"; };
		1C7382FC29C82BEB0091D080 /* NotificationUtils.swift */ = {isa = PBXFileReference; fileEncoding = 4; lastKnownFileType = sourcecode.swift; path = NotificationUtils.swift; sourceTree = "<group>"; };
		1C7382FD29C82BEB0091D080 /* UIImage+Orientation.swift */ = {isa = PBXFileReference; fileEncoding = 4; lastKnownFileType = sourcecode.swift; path = "UIImage+Orientation.swift"; sourceTree = "<group>"; };
		1C7382FE29C82BEB0091D080 /* EventObserverUtils.swift */ = {isa = PBXFileReference; fileEncoding = 4; lastKnownFileType = sourcecode.swift; path = EventObserverUtils.swift; sourceTree = "<group>"; };
		1C7382FF29C82BEB0091D080 /* Date+String.swift */ = {isa = PBXFileReference; fileEncoding = 4; lastKnownFileType = sourcecode.swift; path = "Date+String.swift"; sourceTree = "<group>"; };
		1C73830029C82BEB0091D080 /* UIImage+Thumbnail.swift */ = {isa = PBXFileReference; fileEncoding = 4; lastKnownFileType = sourcecode.swift; path = "UIImage+Thumbnail.swift"; sourceTree = "<group>"; };
		1C73830329C82BEB0091D080 /* PickerItem.swift */ = {isa = PBXFileReference; fileEncoding = 4; lastKnownFileType = sourcecode.swift; path = PickerItem.swift; sourceTree = "<group>"; };
		1C73830429C82BEB0091D080 /* ItemPickerViewController.swift */ = {isa = PBXFileReference; fileEncoding = 4; lastKnownFileType = sourcecode.swift; path = ItemPickerViewController.swift; sourceTree = "<group>"; };
		1C73830529C82BEB0091D080 /* PickerListener.swift */ = {isa = PBXFileReference; fileEncoding = 4; lastKnownFileType = sourcecode.swift; path = PickerListener.swift; sourceTree = "<group>"; };
		1C73830629C82BEB0091D080 /* CredentialDetailsViewController.swift */ = {isa = PBXFileReference; fileEncoding = 4; lastKnownFileType = sourcecode.swift; path = CredentialDetailsViewController.swift; sourceTree = "<group>"; };
		1C73830729C82BEB0091D080 /* HomeViewController.swift */ = {isa = PBXFileReference; fileEncoding = 4; lastKnownFileType = sourcecode.swift; path = HomeViewController.swift; sourceTree = "<group>"; };
		1C73830829C82BEB0091D080 /* QRScannerViewController.swift */ = {isa = PBXFileReference; fileEncoding = 4; lastKnownFileType = sourcecode.swift; path = QRScannerViewController.swift; sourceTree = "<group>"; };
		1C73830929C82BEB0091D080 /* CreateProfileViewController.swift */ = {isa = PBXFileReference; fileEncoding = 4; lastKnownFileType = sourcecode.swift; path = CreateProfileViewController.swift; sourceTree = "<group>"; };
		1C73830B29C82BEB0091D080 /* ItemPickerTableViewCell.swift */ = {isa = PBXFileReference; fileEncoding = 4; lastKnownFileType = sourcecode.swift; path = ItemPickerTableViewCell.swift; sourceTree = "<group>"; };
		1C73830C29C82BEB0091D080 /* CredentialListItem.swift */ = {isa = PBXFileReference; fileEncoding = 4; lastKnownFileType = sourcecode.swift; path = CredentialListItem.swift; sourceTree = "<group>"; };
		1C73830D29C82BEB0091D080 /* Profile.swift */ = {isa = PBXFileReference; fileEncoding = 4; lastKnownFileType = sourcecode.swift; path = Profile.swift; sourceTree = "<group>"; };
		1C73830F29C82BEB0091D080 /* CredentialListItem.xib */ = {isa = PBXFileReference; fileEncoding = 4; lastKnownFileType = file.xib; path = CredentialListItem.xib; sourceTree = "<group>"; };
		1C73831029C82BEB0091D080 /* ItemPickerTableViewCell.xib */ = {isa = PBXFileReference; fileEncoding = 4; lastKnownFileType = file.xib; path = ItemPickerTableViewCell.xib; sourceTree = "<group>"; };
		1C73831229C82BEB0091D080 /* Base */ = {isa = PBXFileReference; lastKnownFileType = file.storyboard; name = Base; path = Base.lproj/LaunchScreen.storyboard; sourceTree = "<group>"; };
		1C73831429C82BEB0091D080 /* Base */ = {isa = PBXFileReference; lastKnownFileType = file.storyboard; name = Base; path = Base.lproj/Main.storyboard; sourceTree = "<group>"; };
		1C73831729C82BEB0091D080 /* StorageManager.swift */ = {isa = PBXFileReference; fileEncoding = 4; lastKnownFileType = sourcecode.swift; path = StorageManager.swift; sourceTree = "<group>"; };
		1C73831829C82BEB0091D080 /* EncryptedFilesHelper.swift */ = {isa = PBXFileReference; fileEncoding = 4; lastKnownFileType = sourcecode.swift; path = EncryptedFilesHelper.swift; sourceTree = "<group>"; };
		1C73831929C82BEB0091D080 /* DataRepositoryProtocol.swift */ = {isa = PBXFileReference; fileEncoding = 4; lastKnownFileType = sourcecode.swift; path = DataRepositoryProtocol.swift; sourceTree = "<group>"; };
		1C73831A29C82BEB0091D080 /* DataRepository.swift */ = {isa = PBXFileReference; fileEncoding = 4; lastKnownFileType = sourcecode.swift; path = DataRepository.swift; sourceTree = "<group>"; };
		1C73833829C82CFB0091D080 /* CryptoTools.xcframework */ = {isa = PBXFileReference; lastKnownFileType = wrapper.xcframework; name = CryptoTools.xcframework; path = ../../SDK/CryptoTools.xcframework; sourceTree = "<group>"; };
		1C73833929C82CFB0091D080 /* CommunicationManager.xcframework */ = {isa = PBXFileReference; lastKnownFileType = wrapper.xcframework; name = CommunicationManager.xcframework; path = ../../SDK/CommunicationManager.xcframework; sourceTree = "<group>"; };
		1C73833A29C82CFC0091D080 /* secp256k1Wrapper.xcframework */ = {isa = PBXFileReference; lastKnownFileType = wrapper.xcframework; name = secp256k1Wrapper.xcframework; path = ../../SDK/secp256k1Wrapper.xcframework; sourceTree = "<group>"; };
		1C73833B29C82CFC0091D080 /* JoseTools.xcframework */ = {isa = PBXFileReference; lastKnownFileType = wrapper.xcframework; name = JoseTools.xcframework; path = ../../SDK/JoseTools.xcframework; sourceTree = "<group>"; };
		1C73833C29C82CFC0091D080 /* PingOneWallet.xcframework */ = {isa = PBXFileReference; lastKnownFileType = wrapper.xcframework; name = PingOneWallet.xcframework; path = ../../SDK/PingOneWallet.xcframework; sourceTree = "<group>"; };
		1C73833D29C82CFC0091D080 /* JOSESwift.xcframework */ = {isa = PBXFileReference; lastKnownFileType = wrapper.xcframework; name = JOSESwift.xcframework; path = ../../SDK/JOSESwift.xcframework; sourceTree = "<group>"; };
		1C73833E29C82CFC0091D080 /* DIDSDK.xcframework */ = {isa = PBXFileReference; lastKnownFileType = wrapper.xcframework; name = DIDSDK.xcframework; path = ../../SDK/DIDSDK.xcframework; sourceTree = "<group>"; };
		1C73833F29C82CFC0091D080 /* libsecp256k1.xcframework */ = {isa = PBXFileReference; lastKnownFileType = wrapper.xcframework; name = libsecp256k1.xcframework; path = ../../SDK/libsecp256k1.xcframework; sourceTree = "<group>"; };
/* End PBXFileReference section */

/* Begin PBXFrameworksBuildPhase section */
		1C7382BF29C82B710091D080 /* Frameworks */ = {
			isa = PBXFrameworksBuildPhase;
			buildActionMask = 2147483647;
			files = (
				1C73834229C82CFD0091D080 /* CommunicationManager.xcframework in Frameworks */,
				1C73834829C82CFD0091D080 /* PingOneWallet.xcframework in Frameworks */,
				1C73834E29C82CFD0091D080 /* libsecp256k1.xcframework in Frameworks */,
				1C73834029C82CFD0091D080 /* CryptoTools.xcframework in Frameworks */,
				1C73834C29C82CFD0091D080 /* DIDSDK.xcframework in Frameworks */,
				1C73834629C82CFD0091D080 /* JoseTools.xcframework in Frameworks */,
				1CB650B729C82E01008F25F7 /* SVGKit in Frameworks */,
				1C73834A29C82CFD0091D080 /* JOSESwift.xcframework in Frameworks */,
				1C73834429C82CFD0091D080 /* secp256k1Wrapper.xcframework in Frameworks */,
			);
			runOnlyForDeploymentPostprocessing = 0;
		};
		1C7382D529C82B720091D080 /* Frameworks */ = {
			isa = PBXFrameworksBuildPhase;
			buildActionMask = 2147483647;
			files = (
			);
			runOnlyForDeploymentPostprocessing = 0;
		};
		1C7382DF29C82B730091D080 /* Frameworks */ = {
			isa = PBXFrameworksBuildPhase;
			buildActionMask = 2147483647;
			files = (
			);
			runOnlyForDeploymentPostprocessing = 0;
		};
/* End PBXFrameworksBuildPhase section */

/* Begin PBXGroup section */
		1C7382B929C82B710091D080 = {
			isa = PBXGroup;
			children = (
				1C7382C429C82B710091D080 /* PingOneWalletSample */,
				1C7382DB29C82B720091D080 /* PingOneWalletSampleTests */,
				1C7382E529C82B730091D080 /* PingOneWalletSampleUITests */,
				1C7382C329C82B710091D080 /* Products */,
				1C73833729C82CFB0091D080 /* Frameworks */,
				1CB650B429C82D30008F25F7 /* Recovered References */,
			);
			sourceTree = "<group>";
		};
		1C7382C329C82B710091D080 /* Products */ = {
			isa = PBXGroup;
			children = (
				1C7382C229C82B710091D080 /* PingOneWalletSample.app */,
				1C7382D829C82B720091D080 /* PingOneWalletSampleTests.xctest */,
				1C7382E229C82B730091D080 /* PingOneWalletSampleUITests.xctest */,
			);
			name = Products;
			sourceTree = "<group>";
		};
		1C7382C429C82B710091D080 /* PingOneWalletSample */ = {
			isa = PBXGroup;
			children = (
				1C7382C529C82B710091D080 /* AppDelegate.swift */,
				1C7382F529C82BEB0091D080 /* network */,
				1C73831629C82BEB0091D080 /* storage */,
				1C73830E29C82BEB0091D080 /* ui */,
				1C7382F829C82BEB0091D080 /* utils */,
				1C73830129C82BEB0091D080 /* viewcontrollers */,
				1C73830A29C82BEB0091D080 /* views */,
				1C73830D29C82BEB0091D080 /* Profile.swift */,
				1C7382CE29C82B720091D080 /* Assets.xcassets */,
				1C7382D329C82B720091D080 /* Info.plist */,
			);
			path = PingOneWalletSample;
			sourceTree = "<group>";
		};
		1C7382DB29C82B720091D080 /* PingOneWalletSampleTests */ = {
			isa = PBXGroup;
			children = (
				1C7382DC29C82B720091D080 /* PingOneWalletSampleTests.swift */,
			);
			path = PingOneWalletSampleTests;
			sourceTree = "<group>";
		};
		1C7382E529C82B730091D080 /* PingOneWalletSampleUITests */ = {
			isa = PBXGroup;
			children = (
				1C7382E629C82B730091D080 /* PingOneWalletSampleUITests.swift */,
				1C7382E829C82B730091D080 /* PingOneWalletSampleUITestsLaunchTests.swift */,
			);
			path = PingOneWalletSampleUITests;
			sourceTree = "<group>";
		};
		1C7382F529C82BEB0091D080 /* network */ = {
			isa = PBXGroup;
			children = (
				1C7382F629C82BEB0091D080 /* PingOneWalletHelper.swift */,
			);
			path = network;
			sourceTree = "<group>";
		};
		1C7382F829C82BEB0091D080 /* utils */ = {
			isa = PBXGroup;
			children = (
				1C7382F929C82BEB0091D080 /* UIImage+FromSVG.swift */,
				1C7382FA29C82BEB0091D080 /* UIColor+Hex.swift */,
				1C7382FB29C82BEB0091D080 /* DateUtils.swift */,
				1C7382FC29C82BEB0091D080 /* NotificationUtils.swift */,
				1C7382FD29C82BEB0091D080 /* UIImage+Orientation.swift */,
				1C7382FE29C82BEB0091D080 /* EventObserverUtils.swift */,
				1C7382FF29C82BEB0091D080 /* Date+String.swift */,
				1C73830029C82BEB0091D080 /* UIImage+Thumbnail.swift */,
			);
			path = utils;
			sourceTree = "<group>";
		};
		1C73830129C82BEB0091D080 /* viewcontrollers */ = {
			isa = PBXGroup;
			children = (
				1C73830229C82BEB0091D080 /* picker */,
				1C73830629C82BEB0091D080 /* CredentialDetailsViewController.swift */,
				1C73830729C82BEB0091D080 /* HomeViewController.swift */,
				1C73830829C82BEB0091D080 /* QRScannerViewController.swift */,
				1C73830929C82BEB0091D080 /* CreateProfileViewController.swift */,
			);
			path = viewcontrollers;
			sourceTree = "<group>";
		};
		1C73830229C82BEB0091D080 /* picker */ = {
			isa = PBXGroup;
			children = (
				1C73830329C82BEB0091D080 /* PickerItem.swift */,
				1C73830429C82BEB0091D080 /* ItemPickerViewController.swift */,
				1C73830529C82BEB0091D080 /* PickerListener.swift */,
			);
			path = picker;
			sourceTree = "<group>";
		};
		1C73830A29C82BEB0091D080 /* views */ = {
			isa = PBXGroup;
			children = (
				1C73830B29C82BEB0091D080 /* ItemPickerTableViewCell.swift */,
				1C73830C29C82BEB0091D080 /* CredentialListItem.swift */,
			);
			path = views;
			sourceTree = "<group>";
		};
		1C73830E29C82BEB0091D080 /* ui */ = {
			isa = PBXGroup;
			children = (
				1C73830F29C82BEB0091D080 /* CredentialListItem.xib */,
				1C73831029C82BEB0091D080 /* ItemPickerTableViewCell.xib */,
				1C73831129C82BEB0091D080 /* LaunchScreen.storyboard */,
				1C73831329C82BEB0091D080 /* Main.storyboard */,
			);
			path = ui;
			sourceTree = "<group>";
		};
		1C73831629C82BEB0091D080 /* storage */ = {
			isa = PBXGroup;
			children = (
				1C73831729C82BEB0091D080 /* StorageManager.swift */,
				1C73831829C82BEB0091D080 /* EncryptedFilesHelper.swift */,
				1C73831929C82BEB0091D080 /* DataRepositoryProtocol.swift */,
				1C73831A29C82BEB0091D080 /* DataRepository.swift */,
			);
			path = storage;
			sourceTree = "<group>";
		};
		1C73833729C82CFB0091D080 /* Frameworks */ = {
			isa = PBXGroup;
			children = (
				1C73833929C82CFB0091D080 /* CommunicationManager.xcframework */,
				1C73833829C82CFB0091D080 /* CryptoTools.xcframework */,
				1C73833E29C82CFC0091D080 /* DIDSDK.xcframework */,
				1C73833D29C82CFC0091D080 /* JOSESwift.xcframework */,
				1C73833B29C82CFC0091D080 /* JoseTools.xcframework */,
				1C73833F29C82CFC0091D080 /* libsecp256k1.xcframework */,
				1C73833C29C82CFC0091D080 /* PingOneWallet.xcframework */,
				1C73833A29C82CFC0091D080 /* secp256k1Wrapper.xcframework */,
			);
			name = Frameworks;
			sourceTree = "<group>";
		};
		1CB650B429C82D30008F25F7 /* Recovered References */ = {
			isa = PBXGroup;
			children = (
				1C7382F729C82BEB0091D080 /* Assets.xcassets */,
			);
			name = "Recovered References";
			sourceTree = "<group>";
		};
/* End PBXGroup section */

/* Begin PBXNativeTarget section */
		1C7382C129C82B710091D080 /* PingOneWalletSample */ = {
			isa = PBXNativeTarget;
			buildConfigurationList = 1C7382EC29C82B730091D080 /* Build configuration list for PBXNativeTarget "PingOneWalletSample" */;
			buildPhases = (
				1C7382BE29C82B710091D080 /* Sources */,
				1C7382BF29C82B710091D080 /* Frameworks */,
				1C7382C029C82B710091D080 /* Resources */,
				1C73835029C82CFE0091D080 /* Embed Frameworks */,
			);
			buildRules = (
			);
			dependencies = (
			);
			name = PingOneWalletSample;
			packageProductDependencies = (
				1CB650B629C82E01008F25F7 /* SVGKit */,
			);
			productName = PingOneWalletSample;
			productReference = 1C7382C229C82B710091D080 /* PingOneWalletSample.app */;
			productType = "com.apple.product-type.application";
		};
		1C7382D729C82B720091D080 /* PingOneWalletSampleTests */ = {
			isa = PBXNativeTarget;
			buildConfigurationList = 1C7382EF29C82B730091D080 /* Build configuration list for PBXNativeTarget "PingOneWalletSampleTests" */;
			buildPhases = (
				1C7382D429C82B720091D080 /* Sources */,
				1C7382D529C82B720091D080 /* Frameworks */,
				1C7382D629C82B720091D080 /* Resources */,
			);
			buildRules = (
			);
			dependencies = (
				1C7382DA29C82B720091D080 /* PBXTargetDependency */,
			);
			name = PingOneWalletSampleTests;
			productName = PingOneWalletSampleTests;
			productReference = 1C7382D829C82B720091D080 /* PingOneWalletSampleTests.xctest */;
			productType = "com.apple.product-type.bundle.unit-test";
		};
		1C7382E129C82B730091D080 /* PingOneWalletSampleUITests */ = {
			isa = PBXNativeTarget;
			buildConfigurationList = 1C7382F229C82B730091D080 /* Build configuration list for PBXNativeTarget "PingOneWalletSampleUITests" */;
			buildPhases = (
				1C7382DE29C82B730091D080 /* Sources */,
				1C7382DF29C82B730091D080 /* Frameworks */,
				1C7382E029C82B730091D080 /* Resources */,
			);
			buildRules = (
			);
			dependencies = (
				1C7382E429C82B730091D080 /* PBXTargetDependency */,
			);
			name = PingOneWalletSampleUITests;
			productName = PingOneWalletSampleUITests;
			productReference = 1C7382E229C82B730091D080 /* PingOneWalletSampleUITests.xctest */;
			productType = "com.apple.product-type.bundle.ui-testing";
		};
/* End PBXNativeTarget section */

/* Begin PBXProject section */
		1C7382BA29C82B710091D080 /* Project object */ = {
			isa = PBXProject;
			attributes = {
				BuildIndependentTargetsInParallel = 1;
				LastSwiftUpdateCheck = 1420;
				LastUpgradeCheck = 1420;
				TargetAttributes = {
					1C7382C129C82B710091D080 = {
						CreatedOnToolsVersion = 14.2;
					};
					1C7382D729C82B720091D080 = {
						CreatedOnToolsVersion = 14.2;
						TestTargetID = 1C7382C129C82B710091D080;
					};
					1C7382E129C82B730091D080 = {
						CreatedOnToolsVersion = 14.2;
						TestTargetID = 1C7382C129C82B710091D080;
					};
				};
			};
			buildConfigurationList = 1C7382BD29C82B710091D080 /* Build configuration list for PBXProject "PingOneWalletSample" */;
			compatibilityVersion = "Xcode 14.0";
			developmentRegion = en;
			hasScannedForEncodings = 0;
			knownRegions = (
				en,
				Base,
			);
			mainGroup = 1C7382B929C82B710091D080;
			packageReferences = (
				1CB650B529C82E01008F25F7 /* XCRemoteSwiftPackageReference "SVGKit" */,
			);
			productRefGroup = 1C7382C329C82B710091D080 /* Products */;
			projectDirPath = "";
			projectRoot = "";
			targets = (
				1C7382C129C82B710091D080 /* PingOneWalletSample */,
				1C7382D729C82B720091D080 /* PingOneWalletSampleTests */,
				1C7382E129C82B730091D080 /* PingOneWalletSampleUITests */,
			);
		};
/* End PBXProject section */

/* Begin PBXResourcesBuildPhase section */
		1C7382C029C82B710091D080 /* Resources */ = {
			isa = PBXResourcesBuildPhase;
			buildActionMask = 2147483647;
			files = (
				1C73833029C82BEB0091D080 /* ItemPickerTableViewCell.xib in Resources */,
				1C7382CF29C82B720091D080 /* Assets.xcassets in Resources */,
				1C73833229C82BEB0091D080 /* Main.storyboard in Resources */,
				1C73831C29C82BEB0091D080 /* Assets.xcassets in Resources */,
				1C73833129C82BEB0091D080 /* LaunchScreen.storyboard in Resources */,
				1C73832F29C82BEB0091D080 /* CredentialListItem.xib in Resources */,
			);
			runOnlyForDeploymentPostprocessing = 0;
		};
		1C7382D629C82B720091D080 /* Resources */ = {
			isa = PBXResourcesBuildPhase;
			buildActionMask = 2147483647;
			files = (
			);
			runOnlyForDeploymentPostprocessing = 0;
		};
		1C7382E029C82B730091D080 /* Resources */ = {
			isa = PBXResourcesBuildPhase;
			buildActionMask = 2147483647;
			files = (
			);
			runOnlyForDeploymentPostprocessing = 0;
		};
/* End PBXResourcesBuildPhase section */

/* Begin PBXSourcesBuildPhase section */
		1C7382BE29C82B710091D080 /* Sources */ = {
			isa = PBXSourcesBuildPhase;
			buildActionMask = 2147483647;
			files = (
				1C73833429C82BEB0091D080 /* EncryptedFilesHelper.swift in Sources */,
				1C73832029C82BEB0091D080 /* NotificationUtils.swift in Sources */,
				1C73832729C82BEB0091D080 /* PickerListener.swift in Sources */,
				1C73833529C82BEB0091D080 /* DataRepositoryProtocol.swift in Sources */,
				1C73831D29C82BEB0091D080 /* UIImage+FromSVG.swift in Sources */,
				1C73831F29C82BEB0091D080 /* DateUtils.swift in Sources */,
				1C73833629C82BEB0091D080 /* DataRepository.swift in Sources */,
				1C73831B29C82BEB0091D080 /* PingOneWalletHelper.swift in Sources */,
				1C73832D29C82BEB0091D080 /* CredentialListItem.swift in Sources */,
				1C73832529C82BEB0091D080 /* PickerItem.swift in Sources */,
				1C73832429C82BEB0091D080 /* UIImage+Thumbnail.swift in Sources */,
				1C73832129C82BEB0091D080 /* UIImage+Orientation.swift in Sources */,
				1C73832E29C82BEB0091D080 /* Profile.swift in Sources */,
				1C73832629C82BEB0091D080 /* ItemPickerViewController.swift in Sources */,
				1C73832B29C82BEB0091D080 /* CreateProfileViewController.swift in Sources */,
				1C73833329C82BEB0091D080 /* StorageManager.swift in Sources */,
				1C73832829C82BEB0091D080 /* CredentialDetailsViewController.swift in Sources */,
				1C73832929C82BEB0091D080 /* HomeViewController.swift in Sources */,
				1C73832A29C82BEB0091D080 /* QRScannerViewController.swift in Sources */,
				1C7382C629C82B710091D080 /* AppDelegate.swift in Sources */,
				1C73831E29C82BEB0091D080 /* UIColor+Hex.swift in Sources */,
				1C73832329C82BEB0091D080 /* Date+String.swift in Sources */,
				1C73832C29C82BEB0091D080 /* ItemPickerTableViewCell.swift in Sources */,
				1C73832229C82BEB0091D080 /* EventObserverUtils.swift in Sources */,
			);
			runOnlyForDeploymentPostprocessing = 0;
		};
		1C7382D429C82B720091D080 /* Sources */ = {
			isa = PBXSourcesBuildPhase;
			buildActionMask = 2147483647;
			files = (
				1C7382DD29C82B720091D080 /* PingOneWalletSampleTests.swift in Sources */,
			);
			runOnlyForDeploymentPostprocessing = 0;
		};
		1C7382DE29C82B730091D080 /* Sources */ = {
			isa = PBXSourcesBuildPhase;
			buildActionMask = 2147483647;
			files = (
				1C7382E929C82B730091D080 /* PingOneWalletSampleUITestsLaunchTests.swift in Sources */,
				1C7382E729C82B730091D080 /* PingOneWalletSampleUITests.swift in Sources */,
			);
			runOnlyForDeploymentPostprocessing = 0;
		};
/* End PBXSourcesBuildPhase section */

/* Begin PBXTargetDependency section */
		1C7382DA29C82B720091D080 /* PBXTargetDependency */ = {
			isa = PBXTargetDependency;
			target = 1C7382C129C82B710091D080 /* PingOneWalletSample */;
			targetProxy = 1C7382D929C82B720091D080 /* PBXContainerItemProxy */;
		};
		1C7382E429C82B730091D080 /* PBXTargetDependency */ = {
			isa = PBXTargetDependency;
			target = 1C7382C129C82B710091D080 /* PingOneWalletSample */;
			targetProxy = 1C7382E329C82B730091D080 /* PBXContainerItemProxy */;
		};
/* End PBXTargetDependency section */

/* Begin PBXVariantGroup section */
		1C73831129C82BEB0091D080 /* LaunchScreen.storyboard */ = {
			isa = PBXVariantGroup;
			children = (
				1C73831229C82BEB0091D080 /* Base */,
			);
			name = LaunchScreen.storyboard;
			sourceTree = "<group>";
		};
		1C73831329C82BEB0091D080 /* Main.storyboard */ = {
			isa = PBXVariantGroup;
			children = (
				1C73831429C82BEB0091D080 /* Base */,
			);
			name = Main.storyboard;
			sourceTree = "<group>";
		};
/* End PBXVariantGroup section */

/* Begin XCBuildConfiguration section */
		1C7382EA29C82B730091D080 /* Debug */ = {
			isa = XCBuildConfiguration;
			buildSettings = {
				ALWAYS_SEARCH_USER_PATHS = NO;
				CLANG_ANALYZER_NONNULL = YES;
				CLANG_ANALYZER_NUMBER_OBJECT_CONVERSION = YES_AGGRESSIVE;
				CLANG_CXX_LANGUAGE_STANDARD = "gnu++20";
				CLANG_ENABLE_MODULES = YES;
				CLANG_ENABLE_OBJC_ARC = YES;
				CLANG_ENABLE_OBJC_WEAK = YES;
				CLANG_WARN_BLOCK_CAPTURE_AUTORELEASING = YES;
				CLANG_WARN_BOOL_CONVERSION = YES;
				CLANG_WARN_COMMA = YES;
				CLANG_WARN_CONSTANT_CONVERSION = YES;
				CLANG_WARN_DEPRECATED_OBJC_IMPLEMENTATIONS = YES;
				CLANG_WARN_DIRECT_OBJC_ISA_USAGE = YES_ERROR;
				CLANG_WARN_DOCUMENTATION_COMMENTS = YES;
				CLANG_WARN_EMPTY_BODY = YES;
				CLANG_WARN_ENUM_CONVERSION = YES;
				CLANG_WARN_INFINITE_RECURSION = YES;
				CLANG_WARN_INT_CONVERSION = YES;
				CLANG_WARN_NON_LITERAL_NULL_CONVERSION = YES;
				CLANG_WARN_OBJC_IMPLICIT_RETAIN_SELF = YES;
				CLANG_WARN_OBJC_LITERAL_CONVERSION = YES;
				CLANG_WARN_OBJC_ROOT_CLASS = YES_ERROR;
				CLANG_WARN_QUOTED_INCLUDE_IN_FRAMEWORK_HEADER = YES;
				CLANG_WARN_RANGE_LOOP_ANALYSIS = YES;
				CLANG_WARN_STRICT_PROTOTYPES = YES;
				CLANG_WARN_SUSPICIOUS_MOVE = YES;
				CLANG_WARN_UNGUARDED_AVAILABILITY = YES_AGGRESSIVE;
				CLANG_WARN_UNREACHABLE_CODE = YES;
				CLANG_WARN__DUPLICATE_METHOD_MATCH = YES;
				COPY_PHASE_STRIP = NO;
				DEBUG_INFORMATION_FORMAT = dwarf;
				ENABLE_STRICT_OBJC_MSGSEND = YES;
				ENABLE_TESTABILITY = YES;
				GCC_C_LANGUAGE_STANDARD = gnu11;
				GCC_DYNAMIC_NO_PIC = NO;
				GCC_NO_COMMON_BLOCKS = YES;
				GCC_OPTIMIZATION_LEVEL = 0;
				GCC_PREPROCESSOR_DEFINITIONS = (
					"DEBUG=1",
					"$(inherited)",
				);
				GCC_WARN_64_TO_32_BIT_CONVERSION = YES;
				GCC_WARN_ABOUT_RETURN_TYPE = YES_ERROR;
				GCC_WARN_UNDECLARED_SELECTOR = YES;
				GCC_WARN_UNINITIALIZED_AUTOS = YES_AGGRESSIVE;
				GCC_WARN_UNUSED_FUNCTION = YES;
				GCC_WARN_UNUSED_VARIABLE = YES;
				IPHONEOS_DEPLOYMENT_TARGET = 16.2;
				MTL_ENABLE_DEBUG_INFO = INCLUDE_SOURCE;
				MTL_FAST_MATH = YES;
				ONLY_ACTIVE_ARCH = YES;
				SDKROOT = iphoneos;
				SWIFT_ACTIVE_COMPILATION_CONDITIONS = DEBUG;
				SWIFT_OPTIMIZATION_LEVEL = "-Onone";
			};
			name = Debug;
		};
		1C7382EB29C82B730091D080 /* Release */ = {
			isa = XCBuildConfiguration;
			buildSettings = {
				ALWAYS_SEARCH_USER_PATHS = NO;
				CLANG_ANALYZER_NONNULL = YES;
				CLANG_ANALYZER_NUMBER_OBJECT_CONVERSION = YES_AGGRESSIVE;
				CLANG_CXX_LANGUAGE_STANDARD = "gnu++20";
				CLANG_ENABLE_MODULES = YES;
				CLANG_ENABLE_OBJC_ARC = YES;
				CLANG_ENABLE_OBJC_WEAK = YES;
				CLANG_WARN_BLOCK_CAPTURE_AUTORELEASING = YES;
				CLANG_WARN_BOOL_CONVERSION = YES;
				CLANG_WARN_COMMA = YES;
				CLANG_WARN_CONSTANT_CONVERSION = YES;
				CLANG_WARN_DEPRECATED_OBJC_IMPLEMENTATIONS = YES;
				CLANG_WARN_DIRECT_OBJC_ISA_USAGE = YES_ERROR;
				CLANG_WARN_DOCUMENTATION_COMMENTS = YES;
				CLANG_WARN_EMPTY_BODY = YES;
				CLANG_WARN_ENUM_CONVERSION = YES;
				CLANG_WARN_INFINITE_RECURSION = YES;
				CLANG_WARN_INT_CONVERSION = YES;
				CLANG_WARN_NON_LITERAL_NULL_CONVERSION = YES;
				CLANG_WARN_OBJC_IMPLICIT_RETAIN_SELF = YES;
				CLANG_WARN_OBJC_LITERAL_CONVERSION = YES;
				CLANG_WARN_OBJC_ROOT_CLASS = YES_ERROR;
				CLANG_WARN_QUOTED_INCLUDE_IN_FRAMEWORK_HEADER = YES;
				CLANG_WARN_RANGE_LOOP_ANALYSIS = YES;
				CLANG_WARN_STRICT_PROTOTYPES = YES;
				CLANG_WARN_SUSPICIOUS_MOVE = YES;
				CLANG_WARN_UNGUARDED_AVAILABILITY = YES_AGGRESSIVE;
				CLANG_WARN_UNREACHABLE_CODE = YES;
				CLANG_WARN__DUPLICATE_METHOD_MATCH = YES;
				COPY_PHASE_STRIP = NO;
				DEBUG_INFORMATION_FORMAT = "dwarf-with-dsym";
				ENABLE_NS_ASSERTIONS = NO;
				ENABLE_STRICT_OBJC_MSGSEND = YES;
				GCC_C_LANGUAGE_STANDARD = gnu11;
				GCC_NO_COMMON_BLOCKS = YES;
				GCC_WARN_64_TO_32_BIT_CONVERSION = YES;
				GCC_WARN_ABOUT_RETURN_TYPE = YES_ERROR;
				GCC_WARN_UNDECLARED_SELECTOR = YES;
				GCC_WARN_UNINITIALIZED_AUTOS = YES_AGGRESSIVE;
				GCC_WARN_UNUSED_FUNCTION = YES;
				GCC_WARN_UNUSED_VARIABLE = YES;
				IPHONEOS_DEPLOYMENT_TARGET = 16.2;
				MTL_ENABLE_DEBUG_INFO = NO;
				MTL_FAST_MATH = YES;
				SDKROOT = iphoneos;
				SWIFT_COMPILATION_MODE = wholemodule;
				SWIFT_OPTIMIZATION_LEVEL = "-O";
				VALIDATE_PRODUCT = YES;
			};
			name = Release;
		};
		1C7382ED29C82B730091D080 /* Debug */ = {
			isa = XCBuildConfiguration;
			buildSettings = {
				ASSETCATALOG_COMPILER_APPICON_NAME = AppIcon;
				ASSETCATALOG_COMPILER_GLOBAL_ACCENT_COLOR_NAME = AccentColor;
				CODE_SIGN_STYLE = Automatic;
				CURRENT_PROJECT_VERSION = 1;
				DEVELOPMENT_TEAM = YZYUGL7S48;
				GENERATE_INFOPLIST_FILE = YES;
				INFOPLIST_FILE = PingOneWalletSample/Info.plist;
				INFOPLIST_KEY_NSCameraUsageDescription = "Camera required to scan QR codes for pairing and credential verification";
				INFOPLIST_KEY_NSFaceIDUsageDescription = "Required for unlocking storage";
				INFOPLIST_KEY_UIApplicationSupportsIndirectInputEvents = YES;
				INFOPLIST_KEY_UILaunchStoryboardName = LaunchScreen;
				INFOPLIST_KEY_UIMainStoryboardFile = Main;
				INFOPLIST_KEY_UISupportedInterfaceOrientations_iPad = "UIInterfaceOrientationPortrait UIInterfaceOrientationPortraitUpsideDown UIInterfaceOrientationLandscapeLeft UIInterfaceOrientationLandscapeRight";
				INFOPLIST_KEY_UISupportedInterfaceOrientations_iPhone = "UIInterfaceOrientationPortrait UIInterfaceOrientationLandscapeLeft UIInterfaceOrientationLandscapeRight";
				IPHONEOS_DEPLOYMENT_TARGET = 13.0;
				LD_RUNPATH_SEARCH_PATHS = (
					"$(inherited)",
					"@executable_path/Frameworks",
				);
				MARKETING_VERSION = 1.0;
				PRODUCT_BUNDLE_IDENTIFIER = com.pingidentity.PingOneWalletSample;
				PRODUCT_NAME = "$(TARGET_NAME)";
				SUPPORTED_PLATFORMS = "iphoneos iphonesimulator";
				SUPPORTS_MACCATALYST = NO;
				SUPPORTS_MAC_DESIGNED_FOR_IPHONE_IPAD = NO;
				SWIFT_EMIT_LOC_STRINGS = YES;
				SWIFT_VERSION = 5.0;
				TARGETED_DEVICE_FAMILY = "1,2";
			};
			name = Debug;
		};
		1C7382EE29C82B730091D080 /* Release */ = {
			isa = XCBuildConfiguration;
			buildSettings = {
				ASSETCATALOG_COMPILER_APPICON_NAME = AppIcon;
				ASSETCATALOG_COMPILER_GLOBAL_ACCENT_COLOR_NAME = AccentColor;
				CODE_SIGN_STYLE = Automatic;
				CURRENT_PROJECT_VERSION = 1;
				DEVELOPMENT_TEAM = YZYUGL7S48;
				GENERATE_INFOPLIST_FILE = YES;
				INFOPLIST_FILE = PingOneWalletSample/Info.plist;
				INFOPLIST_KEY_NSCameraUsageDescription = "Camera required to scan QR codes for pairing and credential verification";
				INFOPLIST_KEY_NSFaceIDUsageDescription = "Required for unlocking storage";
				INFOPLIST_KEY_UIApplicationSupportsIndirectInputEvents = YES;
				INFOPLIST_KEY_UILaunchStoryboardName = LaunchScreen;
				INFOPLIST_KEY_UIMainStoryboardFile = Main;
				INFOPLIST_KEY_UISupportedInterfaceOrientations_iPad = "UIInterfaceOrientationPortrait UIInterfaceOrientationPortraitUpsideDown UIInterfaceOrientationLandscapeLeft UIInterfaceOrientationLandscapeRight";
				INFOPLIST_KEY_UISupportedInterfaceOrientations_iPhone = "UIInterfaceOrientationPortrait UIInterfaceOrientationLandscapeLeft UIInterfaceOrientationLandscapeRight";
				IPHONEOS_DEPLOYMENT_TARGET = 13.0;
				LD_RUNPATH_SEARCH_PATHS = (
					"$(inherited)",
					"@executable_path/Frameworks",
				);
				MARKETING_VERSION = 1.0;
				PRODUCT_BUNDLE_IDENTIFIER = com.pingidentity.PingOneWalletSample;
				PRODUCT_NAME = "$(TARGET_NAME)";
				SUPPORTED_PLATFORMS = "iphoneos iphonesimulator";
				SUPPORTS_MACCATALYST = NO;
				SUPPORTS_MAC_DESIGNED_FOR_IPHONE_IPAD = NO;
				SWIFT_EMIT_LOC_STRINGS = YES;
				SWIFT_VERSION = 5.0;
				TARGETED_DEVICE_FAMILY = "1,2";
			};
			name = Release;
		};
		1C7382F029C82B730091D080 /* Debug */ = {
			isa = XCBuildConfiguration;
			buildSettings = {
				ALWAYS_EMBED_SWIFT_STANDARD_LIBRARIES = YES;
				BUNDLE_LOADER = "$(TEST_HOST)";
				CODE_SIGN_STYLE = Automatic;
				CURRENT_PROJECT_VERSION = 1;
				DEVELOPMENT_TEAM = YZYUGL7S48;
				GENERATE_INFOPLIST_FILE = YES;
				IPHONEOS_DEPLOYMENT_TARGET = 16.2;
				MARKETING_VERSION = 1.0;
				PRODUCT_BUNDLE_IDENTIFIER = com.pingidentity.PingOneWalletSampleTests;
				PRODUCT_NAME = "$(TARGET_NAME)";
				SWIFT_EMIT_LOC_STRINGS = NO;
				SWIFT_VERSION = 5.0;
				TARGETED_DEVICE_FAMILY = "1,2";
				TEST_HOST = "$(BUILT_PRODUCTS_DIR)/PingOneWalletSample.app/$(BUNDLE_EXECUTABLE_FOLDER_PATH)/PingOneWalletSample";
			};
			name = Debug;
		};
		1C7382F129C82B730091D080 /* Release */ = {
			isa = XCBuildConfiguration;
			buildSettings = {
				ALWAYS_EMBED_SWIFT_STANDARD_LIBRARIES = YES;
				BUNDLE_LOADER = "$(TEST_HOST)";
				CODE_SIGN_STYLE = Automatic;
				CURRENT_PROJECT_VERSION = 1;
				DEVELOPMENT_TEAM = YZYUGL7S48;
				GENERATE_INFOPLIST_FILE = YES;
				IPHONEOS_DEPLOYMENT_TARGET = 16.2;
				MARKETING_VERSION = 1.0;
				PRODUCT_BUNDLE_IDENTIFIER = com.pingidentity.PingOneWalletSampleTests;
				PRODUCT_NAME = "$(TARGET_NAME)";
				SWIFT_EMIT_LOC_STRINGS = NO;
				SWIFT_VERSION = 5.0;
				TARGETED_DEVICE_FAMILY = "1,2";
				TEST_HOST = "$(BUILT_PRODUCTS_DIR)/PingOneWalletSample.app/$(BUNDLE_EXECUTABLE_FOLDER_PATH)/PingOneWalletSample";
			};
			name = Release;
		};
		1C7382F329C82B730091D080 /* Debug */ = {
			isa = XCBuildConfiguration;
			buildSettings = {
				ALWAYS_EMBED_SWIFT_STANDARD_LIBRARIES = YES;
				CODE_SIGN_STYLE = Automatic;
				CURRENT_PROJECT_VERSION = 1;
				DEVELOPMENT_TEAM = YZYUGL7S48;
				GENERATE_INFOPLIST_FILE = YES;
				MARKETING_VERSION = 1.0;
				PRODUCT_BUNDLE_IDENTIFIER = com.pingidentity.PingOneWalletSampleUITests;
				PRODUCT_NAME = "$(TARGET_NAME)";
				SWIFT_EMIT_LOC_STRINGS = NO;
				SWIFT_VERSION = 5.0;
				TARGETED_DEVICE_FAMILY = "1,2";
				TEST_TARGET_NAME = PingOneWalletSample;
			};
			name = Debug;
		};
		1C7382F429C82B730091D080 /* Release */ = {
			isa = XCBuildConfiguration;
			buildSettings = {
				ALWAYS_EMBED_SWIFT_STANDARD_LIBRARIES = YES;
				CODE_SIGN_STYLE = Automatic;
				CURRENT_PROJECT_VERSION = 1;
				DEVELOPMENT_TEAM = YZYUGL7S48;
				GENERATE_INFOPLIST_FILE = YES;
				MARKETING_VERSION = 1.0;
				PRODUCT_BUNDLE_IDENTIFIER = com.pingidentity.PingOneWalletSampleUITests;
				PRODUCT_NAME = "$(TARGET_NAME)";
				SWIFT_EMIT_LOC_STRINGS = NO;
				SWIFT_VERSION = 5.0;
				TARGETED_DEVICE_FAMILY = "1,2";
				TEST_TARGET_NAME = PingOneWalletSample;
			};
			name = Release;
		};
/* End XCBuildConfiguration section */

/* Begin XCConfigurationList section */
		1C7382BD29C82B710091D080 /* Build configuration list for PBXProject "PingOneWalletSample" */ = {
			isa = XCConfigurationList;
			buildConfigurations = (
				1C7382EA29C82B730091D080 /* Debug */,
				1C7382EB29C82B730091D080 /* Release */,
			);
			defaultConfigurationIsVisible = 0;
			defaultConfigurationName = Release;
		};
		1C7382EC29C82B730091D080 /* Build configuration list for PBXNativeTarget "PingOneWalletSample" */ = {
			isa = XCConfigurationList;
			buildConfigurations = (
				1C7382ED29C82B730091D080 /* Debug */,
				1C7382EE29C82B730091D080 /* Release */,
			);
			defaultConfigurationIsVisible = 0;
			defaultConfigurationName = Release;
		};
		1C7382EF29C82B730091D080 /* Build configuration list for PBXNativeTarget "PingOneWalletSampleTests" */ = {
			isa = XCConfigurationList;
			buildConfigurations = (
				1C7382F029C82B730091D080 /* Debug */,
				1C7382F129C82B730091D080 /* Release */,
			);
			defaultConfigurationIsVisible = 0;
			defaultConfigurationName = Release;
		};
		1C7382F229C82B730091D080 /* Build configuration list for PBXNativeTarget "PingOneWalletSampleUITests" */ = {
			isa = XCConfigurationList;
			buildConfigurations = (
				1C7382F329C82B730091D080 /* Debug */,
				1C7382F429C82B730091D080 /* Release */,
			);
			defaultConfigurationIsVisible = 0;
			defaultConfigurationName = Release;
		};
/* End XCConfigurationList section */

/* Begin XCRemoteSwiftPackageReference section */
		1CB650B529C82E01008F25F7 /* XCRemoteSwiftPackageReference "SVGKit" */ = {
			isa = XCRemoteSwiftPackageReference;
			repositoryURL = "https://github.com/bhavyachauhan-ping/SVGKit";
			requirement = {
				branch = 3.x;
				kind = branch;
			};
		};
/* End XCRemoteSwiftPackageReference section */

/* Begin XCSwiftPackageProductDependency section */
		1CB650B629C82E01008F25F7 /* SVGKit */ = {
			isa = XCSwiftPackageProductDependency;
			package = 1CB650B529C82E01008F25F7 /* XCRemoteSwiftPackageReference "SVGKit" */;
			productName = SVGKit;
		};
/* End XCSwiftPackageProductDependency section */
	};
	rootObject = 1C7382BA29C82B710091D080 /* Project object */;
}
